
Microsoft Visual Studio Solution File, Format Version 12.00
# Visual Studio Version 17
VisualStudioVersion = 17.14.36518.9
MinimumVisualStudioVersion = 10.0.40219.1
Project("{2150E333-8FDC-42A3-9474-1A3956D46DE8}") = "Task0", "Task0", "{02EA681E-C7D8-13C7-8484-4AC65E1B71E8}"
EndProject
Project("{FAE04EC0-301F-11D3-BF4B-00C04F79EFBC}") = "Tyuiu.KononenkoVA.Sprint3.Task0.V1", "Tyuiu.KononenkoVA.Sprint3.Task0.V1\Tyuiu.KononenkoVA.Sprint3.Task0.V1.csproj", "{5756D342-378F-4D5C-B2A4-C4621C700688}"
EndProject
Project("{FAE04EC0-301F-11D3-BF4B-00C04F79EFBC}") = "Tyuiu.KononenkoVA.Sprint3.Task0.V1.Lib", "Tyuiu.KononenkoVA.Sprint3.Task0.V1.Lib\Tyuiu.KononenkoVA.Sprint3.Task0.V1.Lib.csproj", "{6605FC46-32F2-459C-B643-53C296ECF8EC}"
EndProject
Project("{FAE04EC0-301F-11D3-BF4B-00C04F79EFBC}") = "Tyuiu.KononenkoVA.Sprint3.Task0.V1.Test", "Tyuiu.KononenkoVA.Sprint3.Task0.V1.Test\Tyuiu.KononenkoVA.Sprint3.Task0.V1.Test.csproj", "{F512FC17-0335-4CAF-9A04-D02D307B745E}"
EndProject
Project("{2150E333-8FDC-42A3-9474-1A3956D46DE8}") = "Task1", "Task1", "{D3560470-1970-443B-B86D-5C094E40D59F}"
EndProject
Project("{FAE04EC0-301F-11D3-BF4B-00C04F79EFBC}") = "Tyuiu.KononenkoVA.Sprint3.Task1.V12", "Tyuiu.KononenkoVA.Sprint3.Task1.V12\Tyuiu.KononenkoVA.Sprint3.Task1.V12.csproj", "{C2231B29-11CE-4E62-843E-D55D96C1B006}"
EndProject
Project("{FAE04EC0-301F-11D3-BF4B-00C04F79EFBC}") = "Tyuiu.KononenkoVA.Sprint3.Task1.V12.Lib", "Tyuiu.KononenkoVA.Sprint3.Task1.V12.Lib\Tyuiu.KononenkoVA.Sprint3.Task1.V12.Lib.csproj", "{58D00607-3F8C-49BE-B9AC-BFE6EF409BCE}"
EndProject
Project("{FAE04EC0-301F-11D3-BF4B-00C04F79EFBC}") = "Tyuiu.KononenkoVA.Sprint3.Task1.V12.Test", "Tyuiu.KononenkoVA.Sprint3.Task1.V12.Test\Tyuiu.KononenkoVA.Sprint3.Task1.V12.Test.csproj", "{FA16C29C-39A9-4ECA-BDF3-8802D336B594}"
EndProject
Project("{2150E333-8FDC-42A3-9474-1A3956D46DE8}") = "Task2", "Task2", "{631BA0D7-E69F-4BF4-9095-6D34850257B5}"
EndProject
Project("{FAE04EC0-301F-11D3-BF4B-00C04F79EFBC}") = "Tyuiu.KononenkoVA.Sprint3.Task2.V5", "Tyuiu.KononenkoVA.Sprint3.Task2.V5\Tyuiu.KononenkoVA.Sprint3.Task2.V5.csproj", "{9C3851B3-D0E9-4A21-94FD-4FE1979FE31D}"
EndProject
Project("{FAE04EC0-301F-11D3-BF4B-00C04F79EFBC}") = "Tyuiu.KononenkoVA.Sprint3.Task2.V5.Lib", "Tyuiu.KononenkoVA.Sprint3.Task2.V5.Lib\Tyuiu.KononenkoVA.Sprint3.Task2.V5.Lib.csproj", "{8DDD9BD5-3E53-4A79-A7D0-3168AF31E7C1}"
EndProject
Project("{FAE04EC0-301F-11D3-BF4B-00C04F79EFBC}") = "Tyuiu.KononenkoVA.Sprint3.Task2.V5.Test", "Tyuiu.KononenkoVA.Sprint3.Task2.V5.Test\Tyuiu.KononenkoVA.Sprint3.Task2.V5.Test.csproj", "{E1820240-1F41-400C-9A29-B21A139F4016}"
EndProject
Project("{2150E333-8FDC-42A3-9474-1A3956D46DE8}") = "Task3", "Task3", "{7245FA4F-F430-4BBB-AAAB-857FD24634AF}"
EndProject
Project("{FAE04EC0-301F-11D3-BF4B-00C04F79EFBC}") = "Tyuiu.KononenkoVA.Sprint3.Task3.V15", "Tyuiu.KononenkoVA.Sprint3.Task3.V15\Tyuiu.KononenkoVA.Sprint3.Task3.V15.csproj", "{F33CB4A4-9B84-410D-8424-081893D12FCA}"
EndProject
Project("{FAE04EC0-301F-11D3-BF4B-00C04F79EFBC}") = "Tyuiu.KononenkoVA.Sprint3.Task3.V15.Lib", "Tyuiu.KononenkoVA.Sprint3.Task3.V15.Lib\Tyuiu.KononenkoVA.Sprint3.Task3.V15.Lib.csproj", "{33620002-A069-4480-A176-AE80E04C5FD6}"
EndProject
Project("{FAE04EC0-301F-11D3-BF4B-00C04F79EFBC}") = "Tyuiu.KononenkoVA.Sprint3.Task3.V15.Test", "Tyuiu.KononenkoVA.Sprint3.Task3.V15.Test\Tyuiu.KononenkoVA.Sprint3.Task3.V15.Test.csproj", "{124FC79D-5357-45D5-8F78-64F48F27144A}"
EndProject
Project("{2150E333-8FDC-42A3-9474-1A3956D46DE8}") = "Task4", "Task4", "{2363EA1A-2F5B-4BD6-933E-CCE4A8AAF5E7}"
EndProject
Project("{FAE04EC0-301F-11D3-BF4B-00C04F79EFBC}") = "Tyuiu.KononenkoVA.Sprint3.Task4.V6", "Tyuiu.KononenkoVA.Sprint3.Task4.V6\Tyuiu.KononenkoVA.Sprint3.Task4.V6.csproj", "{0E76A823-63D1-48C1-939C-7187E8316504}"
EndProject
Project("{FAE04EC0-301F-11D3-BF4B-00C04F79EFBC}") = "Tyuiu.KononenkoVA.Sprint3.Task4.V6.Lib", "Tyuiu.KononenkoVA.Sprint3.Task4.V6.Lib\Tyuiu.KononenkoVA.Sprint3.Task4.V6.Lib.csproj", "{7C3BD1B3-2B19-4187-AE56-936A5BD9F59C}"
EndProject
Project("{FAE04EC0-301F-11D3-BF4B-00C04F79EFBC}") = "Tyuiu.KononenkoVA.Sprint3.Task4.V6.Test", "Tyuiu.KononenkoVA.Sprint3.Task4.V6.Test\Tyuiu.KononenkoVA.Sprint3.Task4.V6.Test.csproj", "{7D36D83A-B285-4235-B379-DF78A8C4A8B2}"
EndProject
Project("{2150E333-8FDC-42A3-9474-1A3956D46DE8}") = "Task5", "Task5", "{79783DC9-3D9A-4C31-9256-51DC71D3DDA5}"
EndProject
Project("{FAE04EC0-301F-11D3-BF4B-00C04F79EFBC}") = "Tyuiu.KononenkoVA.Sprint3.Task5.V7", "Tyuiu.KononenkoVA.Sprint3.Task5.V7\Tyuiu.KononenkoVA.Sprint3.Task5.V7.csproj", "{4A32E6CC-883B-4168-A0CF-08FC77D04F6A}"
EndProject
Project("{FAE04EC0-301F-11D3-BF4B-00C04F79EFBC}") = "Tyuiu.KononenkoVA.Sprint3.Task5.V7.Lib", "Tyuiu.KononenkoVA.Sprint3.Task5.V7.Lib\Tyuiu.KononenkoVA.Sprint3.Task5.V7.Lib.csproj", "{9D90E20E-8209-4988-A006-9764F5EAE7C3}"
EndProject
Project("{FAE04EC0-301F-11D3-BF4B-00C04F79EFBC}") = "Tyuiu.KononenkoVA.Sprint3.Task5.V7.Test", "Tyuiu.KononenkoVA.Sprint3.Task5.V7.Test\Tyuiu.KononenkoVA.Sprint3.Task5.V7.Test.csproj", "{19C18777-46FA-46CC-B801-F7A6EC92A945}"
EndProject
Project("{2150E333-8FDC-42A3-9474-1A3956D46DE8}") = "Task6", "Task6", "{7A8BDB92-6A5C-4BEB-99A9-9527841F3675}"
EndProject
Project("{FAE04EC0-301F-11D3-BF4B-00C04F79EFBC}") = "Tyuiu.KononenkoVA.Sprint3.Task6.V12", "Tyuiu.KononenkoVA.Sprint3.Task6.V12\Tyuiu.KononenkoVA.Sprint3.Task6.V12.csproj", "{8964B2AE-9344-48D1-858D-3FE6FF512026}"
EndProject
Project("{FAE04EC0-301F-11D3-BF4B-00C04F79EFBC}") = "Tyuiu.KononenkoVA.Sprint3.Task6.V12.Lib", "Tyuiu.KononenkoVA.Sprint3.Task6.V12.Lib\Tyuiu.KononenkoVA.Sprint3.Task6.V12.Lib.csproj", "{C5AF90B6-9F66-4A20-8F3E-F159CC13B720}"
EndProject
Project("{FAE04EC0-301F-11D3-BF4B-00C04F79EFBC}") = "Tyuiu.KononenkoVA.Sprint3.Task6.V12.Test", "Tyuiu.KononenkoVA.Sprint3.Task6.V12.Test\Tyuiu.KononenkoVA.Sprint3.Task6.V12.Test.csproj", "{A7BDF5C9-1223-48BB-8B54-CDBDFE4D45F6}"
EndProject
Global
	GlobalSection(SolutionConfigurationPlatforms) = preSolution
		Debug|Any CPU = Debug|Any CPU
		Release|Any CPU = Release|Any CPU
	EndGlobalSection
	GlobalSection(ProjectConfigurationPlatforms) = postSolution
		{5756D342-378F-4D5C-B2A4-C4621C700688}.Debug|Any CPU.ActiveCfg = Debug|Any CPU
		{5756D342-378F-4D5C-B2A4-C4621C700688}.Debug|Any CPU.Build.0 = Debug|Any CPU
		{5756D342-378F-4D5C-B2A4-C4621C700688}.Release|Any CPU.ActiveCfg = Release|Any CPU
		{5756D342-378F-4D5C-B2A4-C4621C700688}.Release|Any CPU.Build.0 = Release|Any CPU
		{6605FC46-32F2-459C-B643-53C296ECF8EC}.Debug|Any CPU.ActiveCfg = Debug|Any CPU
		{6605FC46-32F2-459C-B643-53C296ECF8EC}.Debug|Any CPU.Build.0 = Debug|Any CPU
		{6605FC46-32F2-459C-B643-53C296ECF8EC}.Release|Any CPU.ActiveCfg = Release|Any CPU
		{6605FC46-32F2-459C-B643-53C296ECF8EC}.Release|Any CPU.Build.0 = Release|Any CPU
		{F512FC17-0335-4CAF-9A04-D02D307B745E}.Debug|Any CPU.ActiveCfg = Debug|Any CPU
		{F512FC17-0335-4CAF-9A04-D02D307B745E}.Debug|Any CPU.Build.0 = Debug|Any CPU
		{F512FC17-0335-4CAF-9A04-D02D307B745E}.Release|Any CPU.ActiveCfg = Release|Any CPU
		{F512FC17-0335-4CAF-9A04-D02D307B745E}.Release|Any CPU.Build.0 = Release|Any CPU
		{C2231B29-11CE-4E62-843E-D55D96C1B006}.Debug|Any CPU.ActiveCfg = Debug|Any CPU
		{C2231B29-11CE-4E62-843E-D55D96C1B006}.Debug|Any CPU.Build.0 = Debug|Any CPU
		{C2231B29-11CE-4E62-843E-D55D96C1B006}.Release|Any CPU.ActiveCfg = Release|Any CPU
		{C2231B29-11CE-4E62-843E-D55D96C1B006}.Release|Any CPU.Build.0 = Release|Any CPU
		{58D00607-3F8C-49BE-B9AC-BFE6EF409BCE}.Debug|Any CPU.ActiveCfg = Debug|Any CPU
		{58D00607-3F8C-49BE-B9AC-BFE6EF409BCE}.Debug|Any CPU.Build.0 = Debug|Any CPU
		{58D00607-3F8C-49BE-B9AC-BFE6EF409BCE}.Release|Any CPU.ActiveCfg = Release|Any CPU
		{58D00607-3F8C-49BE-B9AC-BFE6EF409BCE}.Release|Any CPU.Build.0 = Release|Any CPU
		{FA16C29C-39A9-4ECA-BDF3-8802D336B594}.Debug|Any CPU.ActiveCfg = Debug|Any CPU
		{FA16C29C-39A9-4ECA-BDF3-8802D336B594}.Debug|Any CPU.Build.0 = Debug|Any CPU
		{FA16C29C-39A9-4ECA-BDF3-8802D336B594}.Release|Any CPU.ActiveCfg = Release|Any CPU
		{FA16C29C-39A9-4ECA-BDF3-8802D336B594}.Release|Any CPU.Build.0 = Release|Any CPU
		{9C3851B3-D0E9-4A21-94FD-4FE1979FE31D}.Debug|Any CPU.ActiveCfg = Debug|Any CPU
		{9C3851B3-D0E9-4A21-94FD-4FE1979FE31D}.Debug|Any CPU.Build.0 = Debug|Any CPU
		{9C3851B3-D0E9-4A21-94FD-4FE1979FE31D}.Release|Any CPU.ActiveCfg = Release|Any CPU
		{9C3851B3-D0E9-4A21-94FD-4FE1979FE31D}.Release|Any CPU.Build.0 = Release|Any CPU
		{8DDD9BD5-3E53-4A79-A7D0-3168AF31E7C1}.Debug|Any CPU.ActiveCfg = Debug|Any CPU
		{8DDD9BD5-3E53-4A79-A7D0-3168AF31E7C1}.Debug|Any CPU.Build.0 = Debug|Any CPU
		{8DDD9BD5-3E53-4A79-A7D0-3168AF31E7C1}.Release|Any CPU.ActiveCfg = Release|Any CPU
		{8DDD9BD5-3E53-4A79-A7D0-3168AF31E7C1}.Release|Any CPU.Build.0 = Release|Any CPU
		{E1820240-1F41-400C-9A29-B21A139F4016}.Debug|Any CPU.ActiveCfg = Debug|Any CPU
		{E1820240-1F41-400C-9A29-B21A139F4016}.Debug|Any CPU.Build.0 = Debug|Any CPU
		{E1820240-1F41-400C-9A29-B21A139F4016}.Release|Any CPU.ActiveCfg = Release|Any CPU
		{E1820240-1F41-400C-9A29-B21A139F4016}.Release|Any CPU.Build.0 = Release|Any CPU
		{F33CB4A4-9B84-410D-8424-081893D12FCA}.Debug|Any CPU.ActiveCfg = Debug|Any CPU
		{F33CB4A4-9B84-410D-8424-081893D12FCA}.Debug|Any CPU.Build.0 = Debug|Any CPU
		{F33CB4A4-9B84-410D-8424-081893D12FCA}.Release|Any CPU.ActiveCfg = Release|Any CPU
		{F33CB4A4-9B84-410D-8424-081893D12FCA}.Release|Any CPU.Build.0 = Release|Any CPU
		{33620002-A069-4480-A176-AE80E04C5FD6}.Debug|Any CPU.ActiveCfg = Debug|Any CPU
		{33620002-A069-4480-A176-AE80E04C5FD6}.Debug|Any CPU.Build.0 = Debug|Any CPU
		{33620002-A069-4480-A176-AE80E04C5FD6}.Release|Any CPU.ActiveCfg = Release|Any CPU
		{33620002-A069-4480-A176-AE80E04C5FD6}.Release|Any CPU.Build.0 = Release|Any CPU
		{124FC79D-5357-45D5-8F78-64F48F27144A}.Debug|Any CPU.ActiveCfg = Debug|Any CPU
		{124FC79D-5357-45D5-8F78-64F48F27144A}.Debug|Any CPU.Build.0 = Debug|Any CPU
		{124FC79D-5357-45D5-8F78-64F48F27144A}.Release|Any CPU.ActiveCfg = Release|Any CPU
		{124FC79D-5357-45D5-8F78-64F48F27144A}.Release|Any CPU.Build.0 = Release|Any CPU
		{0E76A823-63D1-48C1-939C-7187E8316504}.Debug|Any CPU.ActiveCfg = Debug|Any CPU
		{0E76A823-63D1-48C1-939C-7187E8316504}.Debug|Any CPU.Build.0 = Debug|Any CPU
		{0E76A823-63D1-48C1-939C-7187E8316504}.Release|Any CPU.ActiveCfg = Release|Any CPU
		{0E76A823-63D1-48C1-939C-7187E8316504}.Release|Any CPU.Build.0 = Release|Any CPU
		{7C3BD1B3-2B19-4187-AE56-936A5BD9F59C}.Debug|Any CPU.ActiveCfg = Debug|Any CPU
		{7C3BD1B3-2B19-4187-AE56-936A5BD9F59C}.Debug|Any CPU.Build.0 = Debug|Any CPU
		{7C3BD1B3-2B19-4187-AE56-936A5BD9F59C}.Release|Any CPU.ActiveCfg = Release|Any CPU
		{7C3BD1B3-2B19-4187-AE56-936A5BD9F59C}.Release|Any CPU.Build.0 = Release|Any CPU
		{7D36D83A-B285-4235-B379-DF78A8C4A8B2}.Debug|Any CPU.ActiveCfg = Debug|Any CPU
		{7D36D83A-B285-4235-B379-DF78A8C4A8B2}.Debug|Any CPU.Build.0 = Debug|Any CPU
		{7D36D83A-B285-4235-B379-DF78A8C4A8B2}.Release|Any CPU.ActiveCfg = Release|Any CPU
		{7D36D83A-B285-4235-B379-DF78A8C4A8B2}.Release|Any CPU.Build.0 = Release|Any CPU
		{4A32E6CC-883B-4168-A0CF-08FC77D04F6A}.Debug|Any CPU.ActiveCfg = Debug|Any CPU
		{4A32E6CC-883B-4168-A0CF-08FC77D04F6A}.Debug|Any CPU.Build.0 = Debug|Any CPU
		{4A32E6CC-883B-4168-A0CF-08FC77D04F6A}.Release|Any CPU.ActiveCfg = Release|Any CPU
		{4A32E6CC-883B-4168-A0CF-08FC77D04F6A}.Release|Any CPU.Build.0 = Release|Any CPU
		{9D90E20E-8209-4988-A006-9764F5EAE7C3}.Debug|Any CPU.ActiveCfg = Debug|Any CPU
		{9D90E20E-8209-4988-A006-9764F5EAE7C3}.Debug|Any CPU.Build.0 = Debug|Any CPU
		{9D90E20E-8209-4988-A006-9764F5EAE7C3}.Release|Any CPU.ActiveCfg = Release|Any CPU
		{9D90E20E-8209-4988-A006-9764F5EAE7C3}.Release|Any CPU.Build.0 = Release|Any CPU
		{19C18777-46FA-46CC-B801-F7A6EC92A945}.Debug|Any CPU.ActiveCfg = Debug|Any CPU
		{19C18777-46FA-46CC-B801-F7A6EC92A945}.Debug|Any CPU.Build.0 = Debug|Any CPU
		{19C18777-46FA-46CC-B801-F7A6EC92A945}.Release|Any CPU.ActiveCfg = Release|Any CPU
		{19C18777-46FA-46CC-B801-F7A6EC92A945}.Release|Any CPU.Build.0 = Release|Any CPU
		{8964B2AE-9344-48D1-858D-3FE6FF512026}.Debug|Any CPU.ActiveCfg = Debug|Any CPU
		{8964B2AE-9344-48D1-858D-3FE6FF512026}.Debug|Any CPU.Build.0 = Debug|Any CPU
		{8964B2AE-9344-48D1-858D-3FE6FF512026}.Release|Any CPU.ActiveCfg = Release|Any CPU
		{8964B2AE-9344-48D1-858D-3FE6FF512026}.Release|Any CPU.Build.0 = Release|Any CPU
		{C5AF90B6-9F66-4A20-8F3E-F159CC13B720}.Debug|Any CPU.ActiveCfg = Debug|Any CPU
		{C5AF90B6-9F66-4A20-8F3E-F159CC13B720}.Debug|Any CPU.Build.0 = Debug|Any CPU
		{C5AF90B6-9F66-4A20-8F3E-F159CC13B720}.Release|Any CPU.ActiveCfg = Release|Any CPU
		{C5AF90B6-9F66-4A20-8F3E-F159CC13B720}.Release|Any CPU.Build.0 = Release|Any CPU
		{A7BDF5C9-1223-48BB-8B54-CDBDFE4D45F6}.Debug|Any CPU.ActiveCfg = Debug|Any CPU
		{A7BDF5C9-1223-48BB-8B54-CDBDFE4D45F6}.Debug|Any CPU.Build.0 = Debug|Any CPU
		{A7BDF5C9-1223-48BB-8B54-CDBDFE4D45F6}.Release|Any CPU.ActiveCfg = Release|Any CPU
		{A7BDF5C9-1223-48BB-8B54-CDBDFE4D45F6}.Release|Any CPU.Build.0 = Release|Any CPU
	EndGlobalSection
	GlobalSection(SolutionProperties) = preSolution
		HideSolutionNode = FALSE
	EndGlobalSection
	GlobalSection(NestedProjects) = preSolution
		{5756D342-378F-4D5C-B2A4-C4621C700688} = {02EA681E-C7D8-13C7-8484-4AC65E1B71E8}
		{6605FC46-32F2-459C-B643-53C296ECF8EC} = {02EA681E-C7D8-13C7-8484-4AC65E1B71E8}
		{F512FC17-0335-4CAF-9A04-D02D307B745E} = {02EA681E-C7D8-13C7-8484-4AC65E1B71E8}
		{C2231B29-11CE-4E62-843E-D55D96C1B006} = {D3560470-1970-443B-B86D-5C094E40D59F}
		{58D00607-3F8C-49BE-B9AC-BFE6EF409BCE} = {D3560470-1970-443B-B86D-5C094E40D59F}
		{FA16C29C-39A9-4ECA-BDF3-8802D336B594} = {D3560470-1970-443B-B86D-5C094E40D59F}
		{9C3851B3-D0E9-4A21-94FD-4FE1979FE31D} = {631BA0D7-E69F-4BF4-9095-6D34850257B5}
		{8DDD9BD5-3E53-4A79-A7D0-3168AF31E7C1} = {631BA0D7-E69F-4BF4-9095-6D34850257B5}
		{E1820240-1F41-400C-9A29-B21A139F4016} = {631BA0D7-E69F-4BF4-9095-6D34850257B5}
		{F33CB4A4-9B84-410D-8424-081893D12FCA} = {7245FA4F-F430-4BBB-AAAB-857FD24634AF}
		{33620002-A069-4480-A176-AE80E04C5FD6} = {7245FA4F-F430-4BBB-AAAB-857FD24634AF}
		{124FC79D-5357-45D5-8F78-64F48F27144A} = {7245FA4F-F430-4BBB-AAAB-857FD24634AF}
		{0E76A823-63D1-48C1-939C-7187E8316504} = {2363EA1A-2F5B-4BD6-933E-CCE4A8AAF5E7}
		{7C3BD1B3-2B19-4187-AE56-936A5BD9F59C} = {2363EA1A-2F5B-4BD6-933E-CCE4A8AAF5E7}
		{7D36D83A-B285-4235-B379-DF78A8C4A8B2} = {2363EA1A-2F5B-4BD6-933E-CCE4A8AAF5E7}
		{4A32E6CC-883B-4168-A0CF-08FC77D04F6A} = {79783DC9-3D9A-4C31-9256-51DC71D3DDA5}
		{9D90E20E-8209-4988-A006-9764F5EAE7C3} = {79783DC9-3D9A-4C31-9256-51DC71D3DDA5}
		{19C18777-46FA-46CC-B801-F7A6EC92A945} = {79783DC9-3D9A-4C31-9256-51DC71D3DDA5}
		{8964B2AE-9344-48D1-858D-3FE6FF512026} = {7A8BDB92-6A5C-4BEB-99A9-9527841F3675}
		{C5AF90B6-9F66-4A20-8F3E-F159CC13B720} = {7A8BDB92-6A5C-4BEB-99A9-9527841F3675}
		{A7BDF5C9-1223-48BB-8B54-CDBDFE4D45F6} = {7A8BDB92-6A5C-4BEB-99A9-9527841F3675}
	EndGlobalSection
	GlobalSection(ExtensibilityGlobals) = postSolution
		SolutionGuid = {780A1B1D-13A6-4A02-8775-C0E09365FEF9}
	EndGlobalSection
EndGlobal
